{
  "nodes": {
    "home-manager": {
      "inputs": {
        "nixpkgs": [
          "nixpkgs"
        ]
      },
      "locked": {
        "lastModified": 1773264496,
        "narHash": "sha256-uwFY0+UfaGEo6205ixeBjplZxHWr56UQef+MtmJ0PW0=",
        "owner": "nix-community",
        "repo": "home-manager",
        "rev": "32f78141a98098efed490842923b25ecb93b9b9f",
        "type": "github"
      },
      "original": {
        "owner": "nix-community",
        "repo": "home-manager",
        "type": "github"
      }
    },
    "niri": {
      "inputs": {
        "nixpkgs": "nixpkgs",
        "rust-overlay": "rust-overlay"
      },
      "locked": {
        "lastModified": 1763573513,
        "narHash": "sha256-IzqdN5gaTyJzNfv87Yyci4USRm7aYhiAUz0wzuPmVPA=",
        "owner": "ProfLander",
        "repo": "niri",
        "rev": "4c3c2891db3884237fd37e102fe1c83544cf675d",
        "type": "github"
      },
      "original": {
        "owner": "ProfLander",
        "repo": "niri",
        "type": "github"
      }
    },
    "niri-flake": {
      "inputs": {
        "niri-stable": "niri-stable",
        "niri-unstable": "niri-unstable",
        "nixpkgs": "nixpkgs_2",
        "nixpkgs-stable": "nixpkgs-stable",
        "xwayland-satellite-stable": "xwayland-satellite-stable",
        "xwayland-satellite-unstable": "xwayland-satellite-unstable"
      },
      "locked": {
        "lastModified": 1763572972,
        "narHash": "sha256-v6KB1s8Zu/iwnxu5iKqQ7sOKwbTjEEABxb1porpwHw0=",
        "owner": "ProfLander",
        "repo": "niri-flake",
        "rev": "4d511635806404e8e9723c67fb754205a5a94206",
        "type": "github"
      },
      "original": {
        "owner": "ProfLander",
        "repo": "niri-flake",
        "type": "github"
      }
    },
    "niri-stable": {
      "flake": false,
      "locked": {
        "lastModified": 1756556321,
        "narHash": "sha256-RLD89dfjN0RVO86C/Mot0T7aduCygPGaYbog566F0Qo=",
        "owner": "YaLTeR",
        "repo": "niri",
        "rev": "01be0e65f4eb91a9cd624ac0b76aaeab765c7294",
        "type": "github"
      },
      "original": {
        "owner": "YaLTeR",
        "ref": "v25.08",
        "repo": "niri",
        "type": "github"
      }
    },
    "niri-unstable": {
      "flake": false,
      "locked": {
        "lastModified": 1763531615,
        "narHash": "sha256-cMi8tz+0+gWtlYqVnyMv7phOeQ0/4WmzZ/lxCyraUVw=",
        "owner": "YaLTeR",
        "repo": "niri",
        "rev": "c722634c269ae97a5ea185691bcd0b8c73a600e5",
        "type": "github"
      },
      "original": {
        "owner": "YaLTeR",
        "repo": "niri",
        "type": "github"
      }
    },
    "nixpkgs": {
      "locked": {
        "lastModified": 1757967192,
        "narHash": "sha256-/aA9A/OBmnuOMgwfzdsXRusqzUpd8rQnQY8jtrHK+To=",
        "owner": "NixOS",
        "repo": "nixpkgs",
        "rev": "0d7c15863b251a7a50265e57c1dca1a7add2e291",
        "type": "github"
      },
      "original": {
        "owner": "NixOS",
        "ref": "nixpkgs-unstable",
        "repo": "nixpkgs",
        "type": "github"
      }
    },
    "nixpkgs-stable": {
      "locked": {
        "lastModified": 1763334038,
        "narHash": "sha256-LBVOyaH6NFzQ3X/c6vfMZ9k4SV2ofhpxeL9YnhHNJQQ=",
        "owner": "NixOS",
        "repo": "nixpkgs",
        "rev": "4c8cdd5b1a630e8f72c9dd9bf582b1afb3127d2c",
        "type": "github"
      },
      "original": {
        "owner": "NixOS",
        "ref": "nixos-25.05",
        "repo": "nixpkgs",
        "type": "github"
      }
    },
    "nixpkgs_10": {
      "locked": {
        "lastModified": 1772963539,
        "narHash": "sha256-9jVDGZnvCckTGdYT53d/EfznygLskyLQXYwJLKMPsZs=",
        "owner": "NixOS",
        "repo": "nixpkgs",
        "rev": "9dcb002ca1690658be4a04645215baea8b95f31d",
        "type": "github"
      },
      "original": {
        "id": "nixpkgs",
        "ref": "nixos-unstable",
        "type": "indirect"
      }
    },
    "nixpkgs_11": {
      "locked": {
        "lastModified": 1772963539,
        "narHash": "sha256-9jVDGZnvCckTGdYT53d/EfznygLskyLQXYwJLKMPsZs=",
        "owner": "NixOS",
        "repo": "nixpkgs",
        "rev": "9dcb002ca1690658be4a04645215baea8b95f31d",
        "type": "github"
      },
      "original": {
        "id": "nixpkgs",
        "ref": "nixos-unstable",
        "type": "indirect"
      }
    },
    "nixpkgs_12": {
      "locked": {
        "lastModified": 1772963539,
        "narHash": "sha256-9jVDGZnvCckTGdYT53d/EfznygLskyLQXYwJLKMPsZs=",
        "owner": "NixOS",
        "repo": "nixpkgs",
        "rev": "9dcb002ca1690658be4a04645215baea8b95f31d",
        "type": "github"
      },
      "original": {
        "id": "nixpkgs",
        "ref": "nixos-unstable",
        "type": "indirect"
      }
    },
    "nixpkgs_2": {
      "locked": {
        "lastModified": 1763421233,
        "narHash": "sha256-Stk9ZYRkGrnnpyJ4eqt9eQtdFWRRIvMxpNRf4sIegnw=",
        "owner": "NixOS",
        "repo": "nixpkgs",
        "rev": "89c2b2330e733d6cdb5eae7b899326930c2c0648",
        "type": "github"
      },
      "original": {
        "owner": "NixOS",
        "ref": "nixos-unstable",
        "repo": "nixpkgs",
        "type": "github"
      }
    },
    "nixpkgs_3": {
      "locked": {
        "lastModified": 1772963539,
        "narHash": "sha256-9jVDGZnvCckTGdYT53d/EfznygLskyLQXYwJLKMPsZs=",
        "owner": "nixos",
        "repo": "nixpkgs",
        "rev": "9dcb002ca1690658be4a04645215baea8b95f31d",
        "type": "github"
      },
      "original": {
        "owner": "nixos",
        "ref": "nixos-unstable",
        "repo": "nixpkgs",
        "type": "github"
      }
    },
    "nixpkgs_4": {
      "locked": {
        "lastModified": 1772963539,
        "narHash": "sha256-9jVDGZnvCckTGdYT53d/EfznygLskyLQXYwJLKMPsZs=",
        "owner": "NixOS",
        "repo": "nixpkgs",
        "rev": "9dcb002ca1690658be4a04645215baea8b95f31d",
        "type": "github"
      },
      "original": {
        "id": "nixpkgs",
        "ref": "nixos-unstable",
        "type": "indirect"
      }
    },
    "nixpkgs_5": {
      "locked": {
        "lastModified": 1763283776,
        "narHash": "sha256-Y7TDFPK4GlqrKrivOcsHG8xSGqQx3A6c+i7novT85Uk=",
        "owner": "NixOS",
        "repo": "nixpkgs",
        "rev": "50a96edd8d0db6cc8db57dab6bb6d6ee1f3dc49a",
        "type": "github"
      },
      "original": {
        "id": "nixpkgs",
        "ref": "nixos-unstable",
        "type": "indirect"
      }
    },
    "nixpkgs_6": {
      "locked": {
        "lastModified": 1766070988,
        "narHash": "sha256-G/WVghka6c4bAzMhTwT2vjLccg/awmHkdKSd2JrycLc=",
        "owner": "nixos",
        "repo": "nixpkgs",
        "rev": "c6245e83d836d0433170a16eb185cefe0572f8b8",
        "type": "github"
      },
      "original": {
        "owner": "nixos",
        "ref": "nixos-unstable",
        "repo": "nixpkgs",
        "type": "github"
      }
    },
    "nixpkgs_7": {
      "locked": {
        "lastModified": 1772963539,
        "narHash": "sha256-9jVDGZnvCckTGdYT53d/EfznygLskyLQXYwJLKMPsZs=",
        "owner": "NixOS",
        "repo": "nixpkgs",
        "rev": "9dcb002ca1690658be4a04645215baea8b95f31d",
        "type": "github"
      },
      "original": {
        "id": "nixpkgs",
        "ref": "nixos-unstable",
        "type": "indirect"
      }
    },
    "nixpkgs_8": {
      "locked": {
        "lastModified": 1772963539,
        "narHash": "sha256-9jVDGZnvCckTGdYT53d/EfznygLskyLQXYwJLKMPsZs=",
        "owner": "NixOS",
        "repo": "nixpkgs",
        "rev": "9dcb002ca1690658be4a04645215baea8b95f31d",
        "type": "github"
      },
      "original": {
        "id": "nixpkgs",
        "ref": "nixos-unstable",
        "type": "indirect"
      }
    },
    "nixpkgs_9": {
      "locked": {
        "lastModified": 1772963539,
        "narHash": "sha256-9jVDGZnvCckTGdYT53d/EfznygLskyLQXYwJLKMPsZs=",
        "owner": "NixOS",
        "repo": "nixpkgs",
        "rev": "9dcb002ca1690658be4a04645215baea8b95f31d",
        "type": "github"
      },
      "original": {
        "id": "nixpkgs",
        "ref": "nixos-unstable",
        "type": "indirect"
      }
    },
    "quickshell": {
      "inputs": {
        "nixpkgs": [
          "util-getafix",
          "nixpkgs"
        ]
      },
      "locked": {
        "lastModified": 1763446574,
        "narHash": "sha256-7Xu61mmAjQb1usfIg096VIh6f26fFYd0Z9e6tNdII0w=",
        "ref": "refs/heads/master",
        "rev": "1ddb355121484bcac70f49edd4bd006b1d3a753e",
        "revCount": 707,
        "type": "git",
        "url": "https://git.outfoxxed.me/outfoxxed/quickshell"
      },
      "original": {
        "type": "git",
        "url": "https://git.outfoxxed.me/outfoxxed/quickshell"
      }
    },
    "root": {
      "inputs": {
        "home-manager": "home-manager",
        "niri": "niri",
        "niri-flake": "niri-flake",
        "nixpkgs": "nixpkgs_3",
        "util-desktop": "util-desktop",
        "util-getafix": "util-getafix",
        "util-input-history": "util-input-history",
        "util-niri": "util-niri",
        "util-nvim": "util-nvim",
        "util-obs": "util-obs",
        "util-project": "util-project",
        "util-toolchain": "util-toolchain"
      }
    },
    "rust-overlay": {
      "inputs": {
        "nixpkgs": [
          "niri",
          "nixpkgs"
        ]
      },
      "locked": {
        "lastModified": 1757989933,
        "narHash": "sha256-9cpKYWWPCFhgwQTww8S94rTXgg8Q8ydFv9fXM6I8xQM=",
        "owner": "oxalica",
        "repo": "rust-overlay",
        "rev": "8249aa3442fb9b45e615a35f39eca2fe5510d7c3",
        "type": "github"
      },
      "original": {
        "owner": "oxalica",
        "repo": "rust-overlay",
        "type": "github"
      }
    },
    "util-desktop": {
      "inputs": {
        "nixpkgs": "nixpkgs_4"
      },
      "locked": {
        "path": "util/desktop",
        "type": "path"
      },
      "original": {
        "path": "util/desktop",
        "type": "path"
      },
      "parent": []
    },
    "util-getafix": {
      "inputs": {
        "nixpkgs": "nixpkgs_5",
        "quickshell": "quickshell"
      },
      "locked": {
        "path": "util/getafix",
        "type": "path"
      },
      "original": {
        "path": "util/getafix",
        "type": "path"
      },
      "parent": []
    },
    "util-input-history": {
      "inputs": {
        "nixpkgs": "nixpkgs_6"
      },
      "locked": {
        "path": "util/input-history",
        "type": "path"
      },
      "original": {
        "path": "util/input-history",
        "type": "path"
      },
      "parent": []
    },
    "util-niri": {
      "inputs": {
        "nixpkgs": "nixpkgs_7"
      },
      "locked": {
        "path": "util/niri",
        "type": "path"
      },
      "original": {
        "path": "util/niri",
        "type": "path"
      },
      "parent": []
    },
    "util-niri_2": {
      "inputs": {
        "nixpkgs": "nixpkgs_10"
      },
      "locked": {
        "path": "../niri",
        "type": "path"
      },
      "original": {
        "path": "../niri",
        "type": "path"
      },
      "parent": [
        "util-obs"
      ]
    },
    "util-nvim": {
      "inputs": {
        "nixpkgs": "nixpkgs_8"
      },
      "locked": {
        "path": "util/nvim",
        "type": "path"
      },
      "original": {
        "path": "util/nvim",
        "type": "path"
      },
      "parent": []
    },
    "util-obs": {
      "inputs": {
        "nixpkgs": "nixpkgs_9",
        "util-niri": "util-niri_2"
      },
      "locked": {
        "path": "util/obs",
        "type": "path"
      },
      "original": {
        "path": "util/obs",
        "type": "path"
      },
      "parent": []
    },
    "util-project": {
      "inputs": {
        "nixpkgs": "nixpkgs_11"
      },
      "locked": {
        "path": "util/project",
        "type": "path"
      },
      "original": {
        "path": "util/project",
        "type": "path"
      },
      "parent": []
    },
    "util-toolchain": {
      "inputs": {
        "nixpkgs": "nixpkgs_12"
      },
      "locked": {
        "path": "util/toolchain",
        "type": "path"
      },
      "original": {
        "path": "util/toolchain",
        "type": "path"
      },
      "parent": []
    },
    "xwayland-satellite-stable": {
      "flake": false,
      "locked": {
        "lastModified": 1755491097,
        "narHash": "sha256-m+9tUfsmBeF2Gn4HWa6vSITZ4Gz1eA1F5Kh62B0N4oE=",
        "owner": "Supreeeme",
        "repo": "xwayland-satellite",
        "rev": "388d291e82ffbc73be18169d39470f340707edaa",
        "type": "github"
      },
      "original": {
        "owner": "Supreeeme",
        "ref": "v0.7",
        "repo": "xwayland-satellite",
        "type": "github"
      }
    },
    "xwayland-satellite-unstable": {
      "flake": false,
      "locked": {
        "lastModified": 1762747449,
        "narHash": "sha256-Z1TKiux8K09a93w4PFDFsj8HFugXNy3iCC3Z8MpR5Rk=",
        "owner": "Supreeeme",
        "repo": "xwayland-satellite",
        "rev": "6338574bc5c036487486acde264f38f39ea15fad",
        "type": "github"
      },
      "original": {
        "owner": "Supreeeme",
        "repo": "xwayland-satellite",
        "type": "github"
      }
    }
  },
  "root": "root",
  "version": 7
}
